
Microsoft Visual Studio Solution File, Format Version 12.00
# Visual Studio 2012
Project("{FAE04EC0-301F-11D3-BF4B-00C04F79EFBC}") = "ExcelEditor", "ExcelEditor\ExcelEditor.csproj", "{DD081C6C-9872-4965-8FCD-D2A59DA8997E}"
EndProject
Global
	GlobalSection(SolutionConfigurationPlatforms) = preSolution
		Debug|Any CPU = Debug|Any CPU
		Release|Any CPU = Release|Any CPU
	EndGlobalSection
	GlobalSection(ProjectConfigurationPlatforms) = postSolution
		{DD081C6C-9872-4965-8FCD-D2A59DA8997E}.Debug|Any CPU.ActiveCfg = Debug|Any CPU
		{DD081C6C-9872-4965-8FCD-D2A59DA8997E}.Debug|Any CPU.Build.0 = Debug|Any CPU
		{DD081C6C-9872-4965-8FCD-D2A59DA8997E}.Release|Any CPU.ActiveCfg = Release|Any CPU
		{DD081C6C-9872-4965-8FCD-D2A59DA8997E}.Release|Any CPU.Build.0 = Release|Any CPU
	EndGlobalSection
	GlobalSection(SolutionProperties) = preSolution
		HideSolutionNode = FALSE
	EndGlobalSection
EndGlobal
